// !$*UTF8*$!
{
	archiveVersion = 1;
	classes = {
	};
	objectVersion = 50;
	objects = {

/* Begin PBXBuildFile section */
		0A89A29B9E0333965A6C7673 /* Pods_CleanWeather.framework in Frameworks */ = {isa = PBXBuildFile; fileRef = AE79D4809CA575058D7E319E /* Pods_CleanWeather.framework */; };
		609DA54423743E2D00C5773D /* Person.swift in Sources */ = {isa = PBXBuildFile; fileRef = 609DA54323743E2D00C5773D /* Person.swift */; };
		609DA54623743F5600C5773D /* PeopleNetworking.swift in Sources */ = {isa = PBXBuildFile; fileRef = 609DA54523743F5600C5773D /* PeopleNetworking.swift */; };
		609DA54A237440BA00C5773D /* PeopleListController.swift in Sources */ = {isa = PBXBuildFile; fileRef = 609DA548237440BA00C5773D /* PeopleListController.swift */; };
		609DA54B237440BA00C5773D /* PeopleListController.xib in Resources */ = {isa = PBXBuildFile; fileRef = 609DA549237440BA00C5773D /* PeopleListController.xib */; };
		609DA54D237440C800C5773D /* PeopleListCreator.swift in Sources */ = {isa = PBXBuildFile; fileRef = 609DA54C237440C800C5773D /* PeopleListCreator.swift */; };
		60EAC79A2374413B00E48021 /* PeopleListInteractor.swift in Sources */ = {isa = PBXBuildFile; fileRef = 60EAC7992374413B00E48021 /* PeopleListInteractor.swift */; };
		60EAC79C2374415A00E48021 /* PeopleListPresenter.swift in Sources */ = {isa = PBXBuildFile; fileRef = 60EAC79B2374415A00E48021 /* PeopleListPresenter.swift */; };
		60EAC79E2374417000E48021 /* PeopleListWorker.swift in Sources */ = {isa = PBXBuildFile; fileRef = 60EAC79D2374417000E48021 /* PeopleListWorker.swift */; };
		60EAC7A02374418100E48021 /* PeopleListRouter.swift in Sources */ = {isa = PBXBuildFile; fileRef = 60EAC79F2374418100E48021 /* PeopleListRouter.swift */; };
		60EAC7A323744B6A00E48021 /* PersonDisplayable.swift in Sources */ = {isa = PBXBuildFile; fileRef = 60EAC7A223744B6A00E48021 /* PersonDisplayable.swift */; };
		BA15D6582372144700813B24 /* AppDelegate.swift in Sources */ = {isa = PBXBuildFile; fileRef = BA15D6572372144700813B24 /* AppDelegate.swift */; };
		BA15D65A2372144700813B24 /* SceneDelegate.swift in Sources */ = {isa = PBXBuildFile; fileRef = BA15D6592372144700813B24 /* SceneDelegate.swift */; };
		BA15D6612372144700813B24 /* Assets.xcassets in Resources */ = {isa = PBXBuildFile; fileRef = BA15D6602372144700813B24 /* Assets.xcassets */; };
		BA15D6642372144700813B24 /* LaunchScreen.storyboard in Resources */ = {isa = PBXBuildFile; fileRef = BA15D6622372144700813B24 /* LaunchScreen.storyboard */; };
		BA15D66F2372144700813B24 /* CleanWeatherTests.swift in Sources */ = {isa = PBXBuildFile; fileRef = BA15D66E2372144700813B24 /* CleanWeatherTests.swift */; };
		DAF763D9D33A3E242275A8D3 /* Pods_CleanWeatherTests.framework in Frameworks */ = {isa = PBXBuildFile; fileRef = 0C0E35A8AD004B65ED274673 /* Pods_CleanWeatherTests.framework */; };
/* End PBXBuildFile section */

/* Begin PBXContainerItemProxy section */
		BA15D66B2372144700813B24 /* PBXContainerItemProxy */ = {
			isa = PBXContainerItemProxy;
			containerPortal = BA15D64C2372144700813B24 /* Project object */;
			proxyType = 1;
			remoteGlobalIDString = BA15D6532372144700813B24;
			remoteInfo = CleanWeather;
		};
/* End PBXContainerItemProxy section */

/* Begin PBXFileReference section */
		0C0E35A8AD004B65ED274673 /* Pods_CleanWeatherTests.framework */ = {isa = PBXFileReference; explicitFileType = wrapper.framework; includeInIndex = 0; path = Pods_CleanWeatherTests.framework; sourceTree = BUILT_PRODUCTS_DIR; };
		2C1942DDB3CE19B050B49AD1 /* Pods-CleanWeatherTests.debug.xcconfig */ = {isa = PBXFileReference; includeInIndex = 1; lastKnownFileType = text.xcconfig; name = "Pods-CleanWeatherTests.debug.xcconfig"; path = "Target Support Files/Pods-CleanWeatherTests/Pods-CleanWeatherTests.debug.xcconfig"; sourceTree = "<group>"; };
		48EA4325B0C9F3C6F9D43A9E /* Pods-CleanWeather.debug.xcconfig */ = {isa = PBXFileReference; includeInIndex = 1; lastKnownFileType = text.xcconfig; name = "Pods-CleanWeather.debug.xcconfig"; path = "Target Support Files/Pods-CleanWeather/Pods-CleanWeather.debug.xcconfig"; sourceTree = "<group>"; };
		609DA54323743E2D00C5773D /* Person.swift */ = {isa = PBXFileReference; lastKnownFileType = sourcecode.swift; path = Person.swift; sourceTree = "<group>"; };
		609DA54523743F5600C5773D /* PeopleNetworking.swift */ = {isa = PBXFileReference; lastKnownFileType = sourcecode.swift; path = PeopleNetworking.swift; sourceTree = "<group>"; };
		609DA548237440BA00C5773D /* PeopleListController.swift */ = {isa = PBXFileReference; lastKnownFileType = sourcecode.swift; path = PeopleListController.swift; sourceTree = "<group>"; };
		609DA549237440BA00C5773D /* PeopleListController.xib */ = {isa = PBXFileReference; lastKnownFileType = file.xib; path = PeopleListController.xib; sourceTree = "<group>"; };
		609DA54C237440C800C5773D /* PeopleListCreator.swift */ = {isa = PBXFileReference; lastKnownFileType = sourcecode.swift; path = PeopleListCreator.swift; sourceTree = "<group>"; };
		60EAC7992374413B00E48021 /* PeopleListInteractor.swift */ = {isa = PBXFileReference; lastKnownFileType = sourcecode.swift; path = PeopleListInteractor.swift; sourceTree = "<group>"; };
		60EAC79B2374415A00E48021 /* PeopleListPresenter.swift */ = {isa = PBXFileReference; lastKnownFileType = sourcecode.swift; path = PeopleListPresenter.swift; sourceTree = "<group>"; };
		60EAC79D2374417000E48021 /* PeopleListWorker.swift */ = {isa = PBXFileReference; lastKnownFileType = sourcecode.swift; path = PeopleListWorker.swift; sourceTree = "<group>"; };
		60EAC79F2374418100E48021 /* PeopleListRouter.swift */ = {isa = PBXFileReference; lastKnownFileType = sourcecode.swift; path = PeopleListRouter.swift; sourceTree = "<group>"; };
		60EAC7A223744B6A00E48021 /* PersonDisplayable.swift */ = {isa = PBXFileReference; lastKnownFileType = sourcecode.swift; path = PersonDisplayable.swift; sourceTree = "<group>"; };
		69885D32103E8D1A91938F37 /* Pods-CleanWeatherTests.release.xcconfig */ = {isa = PBXFileReference; includeInIndex = 1; lastKnownFileType = text.xcconfig; name = "Pods-CleanWeatherTests.release.xcconfig"; path = "Target Support Files/Pods-CleanWeatherTests/Pods-CleanWeatherTests.release.xcconfig"; sourceTree = "<group>"; };
		AE79D4809CA575058D7E319E /* Pods_CleanWeather.framework */ = {isa = PBXFileReference; explicitFileType = wrapper.framework; includeInIndex = 0; path = Pods_CleanWeather.framework; sourceTree = BUILT_PRODUCTS_DIR; };
		BA15D6542372144700813B24 /* CleanWeather.app */ = {isa = PBXFileReference; explicitFileType = wrapper.application; includeInIndex = 0; path = CleanWeather.app; sourceTree = BUILT_PRODUCTS_DIR; };
		BA15D6572372144700813B24 /* AppDelegate.swift */ = {isa = PBXFileReference; lastKnownFileType = sourcecode.swift; path = AppDelegate.swift; sourceTree = "<group>"; };
		BA15D6592372144700813B24 /* SceneDelegate.swift */ = {isa = PBXFileReference; lastKnownFileType = sourcecode.swift; path = SceneDelegate.swift; sourceTree = "<group>"; };
		BA15D6602372144700813B24 /* Assets.xcassets */ = {isa = PBXFileReference; lastKnownFileType = folder.assetcatalog; path = Assets.xcassets; sourceTree = "<group>"; };
		BA15D6632372144700813B24 /* Base */ = {isa = PBXFileReference; lastKnownFileType = file.storyboard; name = Base; path = Base.lproj/LaunchScreen.storyboard; sourceTree = "<group>"; };
		BA15D6652372144700813B24 /* Info.plist */ = {isa = PBXFileReference; lastKnownFileType = text.plist.xml; path = Info.plist; sourceTree = "<group>"; };
		BA15D66A2372144700813B24 /* CleanWeatherTests.xctest */ = {isa = PBXFileReference; explicitFileType = wrapper.cfbundle; includeInIndex = 0; path = CleanWeatherTests.xctest; sourceTree = BUILT_PRODUCTS_DIR; };
		BA15D66E2372144700813B24 /* CleanWeatherTests.swift */ = {isa = PBXFileReference; lastKnownFileType = sourcecode.swift; path = CleanWeatherTests.swift; sourceTree = "<group>"; };
		BA15D6702372144700813B24 /* Info.plist */ = {isa = PBXFileReference; lastKnownFileType = text.plist.xml; path = Info.plist; sourceTree = "<group>"; };
		F8C6165805C0B9DAC9808A12 /* Pods-CleanWeather.release.xcconfig */ = {isa = PBXFileReference; includeInIndex = 1; lastKnownFileType = text.xcconfig; name = "Pods-CleanWeather.release.xcconfig"; path = "Target Support Files/Pods-CleanWeather/Pods-CleanWeather.release.xcconfig"; sourceTree = "<group>"; };
/* End PBXFileReference section */

/* Begin PBXFrameworksBuildPhase section */
		BA15D6512372144700813B24 /* Frameworks */ = {
			isa = PBXFrameworksBuildPhase;
			buildActionMask = 2147483647;
			files = (
				0A89A29B9E0333965A6C7673 /* Pods_CleanWeather.framework in Frameworks */,
			);
			runOnlyForDeploymentPostprocessing = 0;
		};
		BA15D6672372144700813B24 /* Frameworks */ = {
			isa = PBXFrameworksBuildPhase;
			buildActionMask = 2147483647;
			files = (
				DAF763D9D33A3E242275A8D3 /* Pods_CleanWeatherTests.framework in Frameworks */,
			);
			runOnlyForDeploymentPostprocessing = 0;
		};
/* End PBXFrameworksBuildPhase section */

/* Begin PBXGroup section */
		39A24DA48F1B3AA00198019E /* Pods */ = {
			isa = PBXGroup;
			children = (
				48EA4325B0C9F3C6F9D43A9E /* Pods-CleanWeather.debug.xcconfig */,
				F8C6165805C0B9DAC9808A12 /* Pods-CleanWeather.release.xcconfig */,
				2C1942DDB3CE19B050B49AD1 /* Pods-CleanWeatherTests.debug.xcconfig */,
				69885D32103E8D1A91938F37 /* Pods-CleanWeatherTests.release.xcconfig */,
			);
			path = Pods;
			sourceTree = "<group>";
		};
		5D3491DF93A54AB03962E04A /* Frameworks */ = {
			isa = PBXGroup;
			children = (
				AE79D4809CA575058D7E319E /* Pods_CleanWeather.framework */,
				0C0E35A8AD004B65ED274673 /* Pods_CleanWeatherTests.framework */,
			);
			name = Frameworks;
			sourceTree = "<group>";
		};
		609DA53F23743DEA00C5773D /* Models */ = {
			isa = PBXGroup;
			children = (
				609DA54323743E2D00C5773D /* Person.swift */,
			);
			path = Models;
			sourceTree = "<group>";
		};
		609DA54023743DED00C5773D /* Scenes */ = {
			isa = PBXGroup;
			children = (
				609DA547237440A900C5773D /* PeopleList */,
			);
			path = Scenes;
			sourceTree = "<group>";
		};
		609DA54123743DF100C5773D /* Networking */ = {
			isa = PBXGroup;
			children = (
				609DA54523743F5600C5773D /* PeopleNetworking.swift */,
			);
			path = Networking;
			sourceTree = "<group>";
		};
		609DA54223743DF900C5773D /* Support */ = {
			isa = PBXGroup;
			children = (
				BA15D6572372144700813B24 /* AppDelegate.swift */,
				BA15D6592372144700813B24 /* SceneDelegate.swift */,
				BA15D6652372144700813B24 /* Info.plist */,
				BA15D6622372144700813B24 /* LaunchScreen.storyboard */,
				BA15D6602372144700813B24 /* Assets.xcassets */,
			);
			path = Support;
			sourceTree = "<group>";
		};
		609DA547237440A900C5773D /* PeopleList */ = {
			isa = PBXGroup;
			children = (
				60EAC7A123744B5A00E48021 /* Displayable */,
				609DA54C237440C800C5773D /* PeopleListCreator.swift */,
				609DA548237440BA00C5773D /* PeopleListController.swift */,
				609DA549237440BA00C5773D /* PeopleListController.xib */,
				60EAC7992374413B00E48021 /* PeopleListInteractor.swift */,
				60EAC79B2374415A00E48021 /* PeopleListPresenter.swift */,
				60EAC79D2374417000E48021 /* PeopleListWorker.swift */,
				60EAC79F2374418100E48021 /* PeopleListRouter.swift */,
			);
			path = PeopleList;
			sourceTree = "<group>";
		};
		60EAC7A123744B5A00E48021 /* Displayable */ = {
			isa = PBXGroup;
			children = (
				60EAC7A223744B6A00E48021 /* PersonDisplayable.swift */,
			);
			path = Displayable;
			sourceTree = "<group>";
		};
		BA15D64B2372144700813B24 = {
			isa = PBXGroup;
			children = (
				BA15D6562372144700813B24 /* CleanWeather */,
				BA15D66D2372144700813B24 /* CleanWeatherTests */,
				BA15D6552372144700813B24 /* Products */,
				39A24DA48F1B3AA00198019E /* Pods */,
				5D3491DF93A54AB03962E04A /* Frameworks */,
			);
			sourceTree = "<group>";
		};
		BA15D6552372144700813B24 /* Products */ = {
			isa = PBXGroup;
			children = (
				BA15D6542372144700813B24 /* CleanWeather.app */,
				BA15D66A2372144700813B24 /* CleanWeatherTests.xctest */,
			);
			name = Products;
			sourceTree = "<group>";
		};
		BA15D6562372144700813B24 /* CleanWeather */ = {
			isa = PBXGroup;
			children = (
				609DA53F23743DEA00C5773D /* Models */,
				609DA54123743DF100C5773D /* Networking */,
				609DA54023743DED00C5773D /* Scenes */,
				609DA54223743DF900C5773D /* Support */,
			);
			path = CleanWeather;
			sourceTree = "<group>";
		};
		BA15D66D2372144700813B24 /* CleanWeatherTests */ = {
			isa = PBXGroup;
			children = (
				BA15D66E2372144700813B24 /* CleanWeatherTests.swift */,
				BA15D6702372144700813B24 /* Info.plist */,
			);
			path = CleanWeatherTests;
			sourceTree = "<group>";
		};
/* End PBXGroup section */

/* Begin PBXNativeTarget section */
		BA15D6532372144700813B24 /* CleanWeather */ = {
			isa = PBXNativeTarget;
			buildConfigurationList = BA15D6732372144700813B24 /* Build configuration list for PBXNativeTarget "CleanWeather" */;
			buildPhases = (
				BA03F02C9A94FF57FAB08E73 /* [CP] Check Pods Manifest.lock */,
				BAD86A612372159300CB737C /* ShellScript */,
				BA15D6502372144700813B24 /* Sources */,
				BA15D6512372144700813B24 /* Frameworks */,
				BA15D6522372144700813B24 /* Resources */,
			);
			buildRules = (
			);
			dependencies = (
			);
			name = CleanWeather;
			productName = CleanWeather;
			productReference = BA15D6542372144700813B24 /* CleanWeather.app */;
			productType = "com.apple.product-type.application";
		};
		BA15D6692372144700813B24 /* CleanWeatherTests */ = {
			isa = PBXNativeTarget;
			buildConfigurationList = BA15D6762372144700813B24 /* Build configuration list for PBXNativeTarget "CleanWeatherTests" */;
			buildPhases = (
				DDB2CFAD30ED216E0E89D16A /* [CP] Check Pods Manifest.lock */,
				BA15D6662372144700813B24 /* Sources */,
				BA15D6672372144700813B24 /* Frameworks */,
				BA15D6682372144700813B24 /* Resources */,
			);
			buildRules = (
			);
			dependencies = (
				BA15D66C2372144700813B24 /* PBXTargetDependency */,
			);
			name = CleanWeatherTests;
			productName = CleanWeatherTests;
			productReference = BA15D66A2372144700813B24 /* CleanWeatherTests.xctest */;
			productType = "com.apple.product-type.bundle.unit-test";
		};
/* End PBXNativeTarget section */

/* Begin PBXProject section */
		BA15D64C2372144700813B24 /* Project object */ = {
			isa = PBXProject;
			attributes = {
				LastSwiftUpdateCheck = 1120;
				LastUpgradeCheck = 1120;
				ORGANIZATIONNAME = vandermesis;
				TargetAttributes = {
					BA15D6532372144700813B24 = {
						CreatedOnToolsVersion = 11.2;
					};
					BA15D6692372144700813B24 = {
						CreatedOnToolsVersion = 11.2;
						TestTargetID = BA15D6532372144700813B24;
					};
				};
			};
			buildConfigurationList = BA15D64F2372144700813B24 /* Build configuration list for PBXProject "CleanWeather" */;
			compatibilityVersion = "Xcode 9.3";
			developmentRegion = en;
			hasScannedForEncodings = 0;
			knownRegions = (
				en,
				Base,
			);
			mainGroup = BA15D64B2372144700813B24;
			productRefGroup = BA15D6552372144700813B24 /* Products */;
			projectDirPath = "";
			projectRoot = "";
			targets = (
				BA15D6532372144700813B24 /* CleanWeather */,
				BA15D6692372144700813B24 /* CleanWeatherTests */,
			);
		};
/* End PBXProject section */

/* Begin PBXResourcesBuildPhase section */
		BA15D6522372144700813B24 /* Resources */ = {
			isa = PBXResourcesBuildPhase;
			buildActionMask = 2147483647;
			files = (
				BA15D6642372144700813B24 /* LaunchScreen.storyboard in Resources */,
				609DA54B237440BA00C5773D /* PeopleListController.xib in Resources */,
				BA15D6612372144700813B24 /* Assets.xcassets in Resources */,
			);
			runOnlyForDeploymentPostprocessing = 0;
		};
		BA15D6682372144700813B24 /* Resources */ = {
			isa = PBXResourcesBuildPhase;
			buildActionMask = 2147483647;
			files = (
			);
			runOnlyForDeploymentPostprocessing = 0;
		};
/* End PBXResourcesBuildPhase section */

/* Begin PBXShellScriptBuildPhase section */
		BA03F02C9A94FF57FAB08E73 /* [CP] Check Pods Manifest.lock */ = {
			isa = PBXShellScriptBuildPhase;
			buildActionMask = 2147483647;
			files = (
			);
			inputFileListPaths = (
			);
			inputPaths = (
				"${PODS_PODFILE_DIR_PATH}/Podfile.lock",
				"${PODS_ROOT}/Manifest.lock",
			);
			name = "[CP] Check Pods Manifest.lock";
			outputFileListPaths = (
			);
			outputPaths = (
				"$(DERIVED_FILE_DIR)/Pods-CleanWeather-checkManifestLockResult.txt",
			);
			runOnlyForDeploymentPostprocessing = 0;
			shellPath = /bin/sh;
			shellScript = "diff \"${PODS_PODFILE_DIR_PATH}/Podfile.lock\" \"${PODS_ROOT}/Manifest.lock\" > /dev/null\nif [ $? != 0 ] ; then\n    # print error to STDERR\n    echo \"error: The sandbox is not in sync with the Podfile.lock. Run 'pod install' or update your CocoaPods installation.\" >&2\n    exit 1\nfi\n# This output is used by Xcode 'outputs' to avoid re-running this script phase.\necho \"SUCCESS\" > \"${SCRIPT_OUTPUT_FILE_0}\"\n";
			showEnvVarsInLog = 0;
		};
		BAD86A612372159300CB737C /* ShellScript */ = {
			isa = PBXShellScriptBuildPhase;
			buildActionMask = 2147483647;
			files = (
			);
			inputFileListPaths = (
			);
			inputPaths = (
			);
			outputFileListPaths = (
			);
			outputPaths = (
			);
			runOnlyForDeploymentPostprocessing = 0;
			shellPath = /bin/sh;
			shellScript = "# Type a script or drag a script file from your workspace to insert its path.\n\"${PODS_ROOT}/SwiftLint/swiftlint\"\n";
		};
		DDB2CFAD30ED216E0E89D16A /* [CP] Check Pods Manifest.lock */ = {
			isa = PBXShellScriptBuildPhase;
			buildActionMask = 2147483647;
			files = (
			);
			inputFileListPaths = (
			);
			inputPaths = (
				"${PODS_PODFILE_DIR_PATH}/Podfile.lock",
				"${PODS_ROOT}/Manifest.lock",
			);
			name = "[CP] Check Pods Manifest.lock";
			outputFileListPaths = (
			);
			outputPaths = (
				"$(DERIVED_FILE_DIR)/Pods-CleanWeatherTests-checkManifestLockResult.txt",
			);
			runOnlyForDeploymentPostprocessing = 0;
			shellPath = /bin/sh;
			shellScript = "diff \"${PODS_PODFILE_DIR_PATH}/Podfile.lock\" \"${PODS_ROOT}/Manifest.lock\" > /dev/null\nif [ $? != 0 ] ; then\n    # print error to STDERR\n    echo \"error: The sandbox is not in sync with the Podfile.lock. Run 'pod install' or update your CocoaPods installation.\" >&2\n    exit 1\nfi\n# This output is used by Xcode 'outputs' to avoid re-running this script phase.\necho \"SUCCESS\" > \"${SCRIPT_OUTPUT_FILE_0}\"\n";
			showEnvVarsInLog = 0;
		};
/* End PBXShellScriptBuildPhase section */

/* Begin PBXSourcesBuildPhase section */
		BA15D6502372144700813B24 /* Sources */ = {
			isa = PBXSourcesBuildPhase;
			buildActionMask = 2147483647;
			files = (
				BA15D6582372144700813B24 /* AppDelegate.swift in Sources */,
				60EAC79E2374417000E48021 /* PeopleListWorker.swift in Sources */,
				609DA54423743E2D00C5773D /* Person.swift in Sources */,
				609DA54D237440C800C5773D /* PeopleListCreator.swift in Sources */,
				BA15D65A2372144700813B24 /* SceneDelegate.swift in Sources */,
				609DA54A237440BA00C5773D /* PeopleListController.swift in Sources */,
				60EAC79C2374415A00E48021 /* PeopleListPresenter.swift in Sources */,
				609DA54623743F5600C5773D /* PeopleNetworking.swift in Sources */,
				60EAC79A2374413B00E48021 /* PeopleListInteractor.swift in Sources */,
				60EAC7A02374418100E48021 /* PeopleListRouter.swift in Sources */,
				60EAC7A323744B6A00E48021 /* PersonDisplayable.swift in Sources */,
			);
			runOnlyForDeploymentPostprocessing = 0;
		};
		BA15D6662372144700813B24 /* Sources */ = {
			isa = PBXSourcesBuildPhase;
			buildActionMask = 2147483647;
			files = (
				BA15D66F2372144700813B24 /* CleanWeatherTests.swift in Sources */,
			);
			runOnlyForDeploymentPostprocessing = 0;
		};
/* End PBXSourcesBuildPhase section */

/* Begin PBXTargetDependency section */
		BA15D66C2372144700813B24 /* PBXTargetDependency */ = {
			isa = PBXTargetDependency;
			target = BA15D6532372144700813B24 /* CleanWeather */;
			targetProxy = BA15D66B2372144700813B24 /* PBXContainerItemProxy */;
		};
/* End PBXTargetDependency section */

/* Begin PBXVariantGroup section */
		BA15D6622372144700813B24 /* LaunchScreen.storyboard */ = {
			isa = PBXVariantGroup;
			children = (
				BA15D6632372144700813B24 /* Base */,
			);
			name = LaunchScreen.storyboard;
			sourceTree = "<group>";
		};
/* End PBXVariantGroup section */

/* Begin XCBuildConfiguration section */
		BA15D6712372144700813B24 /* Debug */ = {
			isa = XCBuildConfiguration;
			buildSettings = {
				ALWAYS_SEARCH_USER_PATHS = NO;
				CLANG_ANALYZER_NONNULL = YES;
				CLANG_ANALYZER_NUMBER_OBJECT_CONVERSION = YES_AGGRESSIVE;
				CLANG_CXX_LANGUAGE_STANDARD = "gnu++14";
				CLANG_CXX_LIBRARY = "libc++";
				CLANG_ENABLE_MODULES = YES;
				CLANG_ENABLE_OBJC_ARC = YES;
				CLANG_ENABLE_OBJC_WEAK = YES;
				CLANG_WARN_BLOCK_CAPTURE_AUTORELEASING = YES;
				CLANG_WARN_BOOL_CONVERSION = YES;
				CLANG_WARN_COMMA = YES;
				CLANG_WARN_CONSTANT_CONVERSION = YES;
				CLANG_WARN_DEPRECATED_OBJC_IMPLEMENTATIONS = YES;
				CLANG_WARN_DIRECT_OBJC_ISA_USAGE = YES_ERROR;
				CLANG_WARN_DOCUMENTATION_COMMENTS = YES;
				CLANG_WARN_EMPTY_BODY = YES;
				CLANG_WARN_ENUM_CONVERSION = YES;
				CLANG_WARN_INFINITE_RECURSION = YES;
				CLANG_WARN_INT_CONVERSION = YES;
				CLANG_WARN_NON_LITERAL_NULL_CONVERSION = YES;
				CLANG_WARN_OBJC_IMPLICIT_RETAIN_SELF = YES;
				CLANG_WARN_OBJC_LITERAL_CONVERSION = YES;
				CLANG_WARN_OBJC_ROOT_CLASS = YES_ERROR;
				CLANG_WARN_RANGE_LOOP_ANALYSIS = YES;
				CLANG_WARN_STRICT_PROTOTYPES = YES;
				CLANG_WARN_SUSPICIOUS_MOVE = YES;
				CLANG_WARN_UNGUARDED_AVAILABILITY = YES_AGGRESSIVE;
				CLANG_WARN_UNREACHABLE_CODE = YES;
				CLANG_WARN__DUPLICATE_METHOD_MATCH = YES;
				COPY_PHASE_STRIP = NO;
				DEBUG_INFORMATION_FORMAT = dwarf;
				ENABLE_STRICT_OBJC_MSGSEND = YES;
				ENABLE_TESTABILITY = YES;
				GCC_C_LANGUAGE_STANDARD = gnu11;
				GCC_DYNAMIC_NO_PIC = NO;
				GCC_NO_COMMON_BLOCKS = YES;
				GCC_OPTIMIZATION_LEVEL = 0;
				GCC_PREPROCESSOR_DEFINITIONS = (
					"DEBUG=1",
					"$(inherited)",
				);
				GCC_WARN_64_TO_32_BIT_CONVERSION = YES;
				GCC_WARN_ABOUT_RETURN_TYPE = YES_ERROR;
				GCC_WARN_UNDECLARED_SELECTOR = YES;
				GCC_WARN_UNINITIALIZED_AUTOS = YES_AGGRESSIVE;
				GCC_WARN_UNUSED_FUNCTION = YES;
				GCC_WARN_UNUSED_VARIABLE = YES;
				IPHONEOS_DEPLOYMENT_TARGET = 13.2;
				MTL_ENABLE_DEBUG_INFO = INCLUDE_SOURCE;
				MTL_FAST_MATH = YES;
				ONLY_ACTIVE_ARCH = YES;
				SDKROOT = iphoneos;
				SWIFT_ACTIVE_COMPILATION_CONDITIONS = DEBUG;
				SWIFT_OPTIMIZATION_LEVEL = "-Onone";
			};
			name = Debug;
		};
		BA15D6722372144700813B24 /* Release */ = {
			isa = XCBuildConfiguration;
			buildSettings = {
				ALWAYS_SEARCH_USER_PATHS = NO;
				CLANG_ANALYZER_NONNULL = YES;
				CLANG_ANALYZER_NUMBER_OBJECT_CONVERSION = YES_AGGRESSIVE;
				CLANG_CXX_LANGUAGE_STANDARD = "gnu++14";
				CLANG_CXX_LIBRARY = "libc++";
				CLANG_ENABLE_MODULES = YES;
				CLANG_ENABLE_OBJC_ARC = YES;
				CLANG_ENABLE_OBJC_WEAK = YES;
				CLANG_WARN_BLOCK_CAPTURE_AUTORELEASING = YES;
				CLANG_WARN_BOOL_CONVERSION = YES;
				CLANG_WARN_COMMA = YES;
				CLANG_WARN_CONSTANT_CONVERSION = YES;
				CLANG_WARN_DEPRECATED_OBJC_IMPLEMENTATIONS = YES;
				CLANG_WARN_DIRECT_OBJC_ISA_USAGE = YES_ERROR;
				CLANG_WARN_DOCUMENTATION_COMMENTS = YES;
				CLANG_WARN_EMPTY_BODY = YES;
				CLANG_WARN_ENUM_CONVERSION = YES;
				CLANG_WARN_INFINITE_RECURSION = YES;
				CLANG_WARN_INT_CONVERSION = YES;
				CLANG_WARN_NON_LITERAL_NULL_CONVERSION = YES;
				CLANG_WARN_OBJC_IMPLICIT_RETAIN_SELF = YES;
				CLANG_WARN_OBJC_LITERAL_CONVERSION = YES;
				CLANG_WARN_OBJC_ROOT_CLASS = YES_ERROR;
				CLANG_WARN_RANGE_LOOP_ANALYSIS = YES;
				CLANG_WARN_STRICT_PROTOTYPES = YES;
				CLANG_WARN_SUSPICIOUS_MOVE = YES;
				CLANG_WARN_UNGUARDED_AVAILABILITY = YES_AGGRESSIVE;
				CLANG_WARN_UNREACHABLE_CODE = YES;
				CLANG_WARN__DUPLICATE_METHOD_MATCH = YES;
				COPY_PHASE_STRIP = NO;
				DEBUG_INFORMATION_FORMAT = "dwarf-with-dsym";
				ENABLE_NS_ASSERTIONS = NO;
				ENABLE_STRICT_OBJC_MSGSEND = YES;
				GCC_C_LANGUAGE_STANDARD = gnu11;
				GCC_NO_COMMON_BLOCKS = YES;
				GCC_WARN_64_TO_32_BIT_CONVERSION = YES;
				GCC_WARN_ABOUT_RETURN_TYPE = YES_ERROR;
				GCC_WARN_UNDECLARED_SELECTOR = YES;
				GCC_WARN_UNINITIALIZED_AUTOS = YES_AGGRESSIVE;
				GCC_WARN_UNUSED_FUNCTION = YES;
				GCC_WARN_UNUSED_VARIABLE = YES;
				IPHONEOS_DEPLOYMENT_TARGET = 13.2;
				MTL_ENABLE_DEBUG_INFO = NO;
				MTL_FAST_MATH = YES;
				SDKROOT = iphoneos;
				SWIFT_COMPILATION_MODE = wholemodule;
				SWIFT_OPTIMIZATION_LEVEL = "-O";
				VALIDATE_PRODUCT = YES;
			};
			name = Release;
		};
		BA15D6742372144700813B24 /* Debug */ = {
			isa = XCBuildConfiguration;
			baseConfigurationReference = 48EA4325B0C9F3C6F9D43A9E /* Pods-CleanWeather.debug.xcconfig */;
			buildSettings = {
				ASSETCATALOG_COMPILER_APPICON_NAME = AppIcon;
				CODE_SIGN_STYLE = Automatic;
				INFOPLIST_FILE = CleanWeather/Support/Info.plist;
				LD_RUNPATH_SEARCH_PATHS = (
					"$(inherited)",
					"@executable_path/Frameworks",
				);
				PRODUCT_BUNDLE_IDENTIFIER = com.vandermesis.CleanWeather;
				PRODUCT_NAME = "$(TARGET_NAME)";
				SWIFT_VERSION = 5.0;
				TARGETED_DEVICE_FAMILY = 1;
			};
			name = Debug;
		};
		BA15D6752372144700813B24 /* Release */ = {
			isa = XCBuildConfiguration;
			baseConfigurationReference = F8C6165805C0B9DAC9808A12 /* Pods-CleanWeather.release.xcconfig */;
			buildSettings = {
				ASSETCATALOG_COMPILER_APPICON_NAME = AppIcon;
				CODE_SIGN_STYLE = Automatic;
				INFOPLIST_FILE = CleanWeather/Support/Info.plist;
				LD_RUNPATH_SEARCH_PATHS = (
					"$(inherited)",
					"@executable_path/Frameworks",
				);
				PRODUCT_BUNDLE_IDENTIFIER = com.vandermesis.CleanWeather;
				PRODUCT_NAME = "$(TARGET_NAME)";
				SWIFT_VERSION = 5.0;
				TARGETED_DEVICE_FAMILY = 1;
			};
			name = Release;
		};
		BA15D6772372144700813B24 /* Debug */ = {
			isa = XCBuildConfiguration;
			baseConfigurationReference = 2C1942DDB3CE19B050B49AD1 /* Pods-CleanWeatherTests.debug.xcconfig */;
			buildSettings = {
				ALWAYS_EMBED_SWIFT_STANDARD_LIBRARIES = YES;
				BUNDLE_LOADER = "$(TEST_HOST)";
				CODE_SIGN_STYLE = Automatic;
				INFOPLIST_FILE = CleanWeatherTests/Info.plist;
				IPHONEOS_DEPLOYMENT_TARGET = 13.2;
				LD_RUNPATH_SEARCH_PATHS = (
					"$(inherited)",
					"@executable_path/Frameworks",
					"@loader_path/Frameworks",
				);
				PRODUCT_BUNDLE_IDENTIFIER = com.vandermesis.CleanWeatherTests;
				PRODUCT_NAME = "$(TARGET_NAME)";
				SWIFT_VERSION = 5.0;
				TARGETED_DEVICE_FAMILY = "1,2";
				TEST_HOST = "$(BUILT_PRODUCTS_DIR)/CleanWeather.app/CleanWeather";
			};
			name = Debug;
		};
		BA15D6782372144700813B24 /* Release */ = {
			isa = XCBuildConfiguration;
			baseConfigurationReference = 69885D32103E8D1A91938F37 /* Pods-CleanWeatherTests.release.xcconfig */;
			buildSettings = {
				ALWAYS_EMBED_SWIFT_STANDARD_LIBRARIES = YES;
				BUNDLE_LOADER = "$(TEST_HOST)";
				CODE_SIGN_STYLE = Automatic;
				INFOPLIST_FILE = CleanWeatherTests/Info.plist;
				IPHONEOS_DEPLOYMENT_TARGET = 13.2;
				LD_RUNPATH_SEARCH_PATHS = (
					"$(inherited)",
					"@executable_path/Frameworks",
					"@loader_path/Frameworks",
				);
				PRODUCT_BUNDLE_IDENTIFIER = com.vandermesis.CleanWeatherTests;
				PRODUCT_NAME = "$(TARGET_NAME)";
				SWIFT_VERSION = 5.0;
				TARGETED_DEVICE_FAMILY = "1,2";
				TEST_HOST = "$(BUILT_PRODUCTS_DIR)/CleanWeather.app/CleanWeather";
			};
			name = Release;
		};
/* End XCBuildConfiguration section */

/* Begin XCConfigurationList section */
		BA15D64F2372144700813B24 /* Build configuration list for PBXProject "CleanWeather" */ = {
			isa = XCConfigurationList;
			buildConfigurations = (
				BA15D6712372144700813B24 /* Debug */,
				BA15D6722372144700813B24 /* Release */,
			);
			defaultConfigurationIsVisible = 0;
			defaultConfigurationName = Release;
		};
		BA15D6732372144700813B24 /* Build configuration list for PBXNativeTarget "CleanWeather" */ = {
			isa = XCConfigurationList;
			buildConfigurations = (
				BA15D6742372144700813B24 /* Debug */,
				BA15D6752372144700813B24 /* Release */,
			);
			defaultConfigurationIsVisible = 0;
			defaultConfigurationName = Release;
		};
		BA15D6762372144700813B24 /* Build configuration list for PBXNativeTarget "CleanWeatherTests" */ = {
			isa = XCConfigurationList;
			buildConfigurations = (
				BA15D6772372144700813B24 /* Debug */,
				BA15D6782372144700813B24 /* Release */,
			);
			defaultConfigurationIsVisible = 0;
			defaultConfigurationName = Release;
		};
/* End XCConfigurationList section */
	};
	rootObject = BA15D64C2372144700813B24 /* Project object */;
}
